Microsoft Visual Studio Solution File, Format Version 12.00
# Visual Studio Version 17
VisualStudioVersion = 17.5.2.0
MinimumVisualStudioVersion = 10.0.40219.1
Project("{FAE04EC0-301F-11D3-BF4B-00C04F79EFBC}") = "codeplace", "codeplace\codeplace.csproj", "{644F2043-A2BF-F86B-256D-DC7DBA5A6D5E}"
EndProject
Project("{FAE04EC0-301F-11D3-BF4B-00C04F79EFBC}") = "consoleproject", "consoleproject\consoleproject.csproj", "{205B8C46-72A8-7EA1-FD0B-3623B345B62A}"
EndProject
Global
	GlobalSection(SolutionConfigurationPlatforms) = preSolution
		Debug|Any CPU = Debug|Any CPU
		Release|Any CPU = Release|Any CPU
	EndGlobalSection
	GlobalSection(ProjectConfigurationPlatforms) = postSolution
		{644F2043-A2BF-F86B-256D-DC7DBA5A6D5E}.Debug|Any CPU.ActiveCfg = Debug|Any CPU
		{644F2043-A2BF-F86B-256D-DC7DBA5A6D5E}.Debug|Any CPU.Build.0 = Debug|Any CPU
		{644F2043-A2BF-F86B-256D-DC7DBA5A6D5E}.Release|Any CPU.ActiveCfg = Release|Any CPU
		{644F2043-A2BF-F86B-256D-DC7DBA5A6D5E}.Release|Any CPU.Build.0 = Release|Any CPU
		{205B8C46-72A8-7EA1-FD0B-3623B345B62A}.Debug|Any CPU.ActiveCfg = Debug|Any CPU
		{205B8C46-72A8-7EA1-FD0B-3623B345B62A}.Debug|Any CPU.Build.0 = Debug|Any CPU
		{205B8C46-72A8-7EA1-FD0B-3623B345B62A}.Release|Any CPU.ActiveCfg = Release|Any CPU
		{205B8C46-72A8-7EA1-FD0B-3623B345B62A}.Release|Any CPU.Build.0 = Release|Any CPU
	EndGlobalSection
	GlobalSection(SolutionProperties) = preSolution
		HideSolutionNode = FALSE
	EndGlobalSection
	GlobalSection(ExtensibilityGlobals) = postSolution
		SolutionGuid = {6197B492-6561-4649-B9DF-0D95498AF9AB}
	EndGlobalSection
EndGlobal
